PODS:
  - MultiPlatformLibrary (0.1.0)

DEPENDENCIES:
  - MultiPlatformLibrary (from `../mpp-library`)

EXTERNAL SOURCES:
  MultiPlatformLibrary:
    :path: "../mpp-library"

SPEC CHECKSUMS:
  MultiPlatformLibrary: 0ac41445d3f416448aa02808e2d131c8d6688463

PODFILE CHECKSUM: 761f8eefdc76dfa723d36299aede21659ba80310

COCOAPODS: 1.15.2
